{
	"name": "zuora-salesforce-link-remover",
	"lockfileVersion": 3,
	"requires": true,
	"packages": {
		"": {
			"name": "zuora-salesforce-link-remover",
			"dependencies": {
				"@aws-sdk/client-secrets-manager": "^3.556.0",
				"aws-lambda": "^1.0.7",
				"aws-sdk-client-mock": "^3.0.1",
				"zod": "^3.23.8"
			},
			"devDependencies": {
				"@types/aws-lambda": "^8.10.140"
			}
		},
		"../../node_modules/.pnpm/@aws-sdk+client-secrets-manager@3.556.0/node_modules/@aws-sdk/client-secrets-manager": {
			"version": "3.556.0",
			"license": "Apache-2.0",
			"dependencies": {
				"@aws-crypto/sha256-browser": "3.0.0",
				"@aws-crypto/sha256-js": "3.0.0",
				"@aws-sdk/client-sts": "3.556.0",
				"@aws-sdk/core": "3.556.0",
				"@aws-sdk/credential-provider-node": "3.556.0",
				"@aws-sdk/middleware-host-header": "3.535.0",
				"@aws-sdk/middleware-logger": "3.535.0",
				"@aws-sdk/middleware-recursion-detection": "3.535.0",
				"@aws-sdk/middleware-user-agent": "3.540.0",
				"@aws-sdk/region-config-resolver": "3.535.0",
				"@aws-sdk/types": "3.535.0",
				"@aws-sdk/util-endpoints": "3.540.0",
				"@aws-sdk/util-user-agent-browser": "3.535.0",
				"@aws-sdk/util-user-agent-node": "3.535.0",
				"@smithy/config-resolver": "^2.2.0",
				"@smithy/core": "^1.4.2",
				"@smithy/fetch-http-handler": "^2.5.0",
				"@smithy/hash-node": "^2.2.0",
				"@smithy/invalid-dependency": "^2.2.0",
				"@smithy/middleware-content-length": "^2.2.0",
				"@smithy/middleware-endpoint": "^2.5.1",
				"@smithy/middleware-retry": "^2.3.1",
				"@smithy/middleware-serde": "^2.3.0",
				"@smithy/middleware-stack": "^2.2.0",
				"@smithy/node-config-provider": "^2.3.0",
				"@smithy/node-http-handler": "^2.5.0",
				"@smithy/protocol-http": "^3.3.0",
				"@smithy/smithy-client": "^2.5.1",
				"@smithy/types": "^2.12.0",
				"@smithy/url-parser": "^2.2.0",
				"@smithy/util-base64": "^2.3.0",
				"@smithy/util-body-length-browser": "^2.2.0",
				"@smithy/util-body-length-node": "^2.3.0",
				"@smithy/util-defaults-mode-browser": "^2.2.1",
				"@smithy/util-defaults-mode-node": "^2.3.1",
				"@smithy/util-endpoints": "^1.2.0",
				"@smithy/util-middleware": "^2.2.0",
				"@smithy/util-retry": "^2.2.0",
				"@smithy/util-utf8": "^2.3.0",
				"tslib": "^2.6.2",
				"uuid": "^9.0.1"
			},
			"devDependencies": {
				"@smithy/service-client-documentation-generator": "^2.2.0",
				"@tsconfig/node14": "1.0.3",
				"@types/node": "^14.14.31",
				"@types/uuid": "^9.0.4",
				"concurrently": "7.0.0",
				"downlevel-dts": "0.10.1",
				"rimraf": "3.0.2",
				"typescript": "~4.9.5"
			},
			"engines": {
				"node": ">=14.0.0"
			}
		},
		"../../node_modules/.pnpm/aws-lambda@1.0.7/node_modules/aws-lambda": {
			"version": "1.0.7",
			"license": "MIT",
			"dependencies": {
				"aws-sdk": "^2.814.0",
				"commander": "^3.0.2",
				"js-yaml": "^3.14.1",
				"watchpack": "^2.0.0-beta.10"
			},
			"bin": {
				"lambda": "bin/lambda"
			},
			"devDependencies": {
				"eslint": "^8.2.0",
				"mocha": "^9.1.3"
			}
		},
		"../../node_modules/.pnpm/aws-sdk-client-mock@3.1.0/node_modules/aws-sdk-client-mock": {
			"version": "3.1.0",
			"license": "MIT",
			"dependencies": {
				"@types/sinon": "^10.0.10",
				"sinon": "^16.1.3",
				"tslib": "^2.1.0"
			},
			"devDependencies": {
				"@aws-sdk/client-dynamodb": "3.363.0",
				"@aws-sdk/client-s3": "3.363.0",
				"@aws-sdk/client-sns": "3.363.0",
				"@aws-sdk/client-sqs": "3.363.0",
				"@aws-sdk/lib-dynamodb": "3.363.0",
				"@smithy/types": "1.1.0",
				"typedoc": "0.23.26"
			}
		},
		"../../node_modules/.pnpm/zod@3.23.8/node_modules/zod": {
			"version": "3.23.8",
			"license": "MIT",
			"devDependencies": {
				"@babel/core": "^7.22.5",
				"@babel/preset-env": "^7.22.5",
				"@babel/preset-typescript": "^7.22.5",
				"@jest/globals": "^29.4.3",
				"@rollup/plugin-typescript": "^8.2.0",
				"@swc/core": "^1.3.66",
				"@swc/jest": "^0.2.26",
				"@types/benchmark": "^2.1.0",
				"@types/jest": "^29.2.2",
				"@types/node": "14",
				"@typescript-eslint/eslint-plugin": "^5.15.0",
				"@typescript-eslint/parser": "^5.15.0",
				"babel-jest": "^29.5.0",
				"benchmark": "^2.1.4",
				"dependency-cruiser": "^9.19.0",
				"eslint": "^8.11.0",
				"eslint-config-prettier": "^8.5.0",
				"eslint-plugin-ban": "^1.6.0",
				"eslint-plugin-import": "^2.25.4",
				"eslint-plugin-simple-import-sort": "^7.0.0",
				"eslint-plugin-unused-imports": "^2.0.0",
				"husky": "^7.0.4",
				"jest": "^29.3.1",
				"lint-staged": "^12.3.7",
				"nodemon": "^2.0.15",
				"prettier": "^2.6.0",
				"pretty-quick": "^3.1.3",
				"rollup": "^2.70.1",
				"ts-jest": "^29.1.0",
				"ts-morph": "^14.0.0",
				"ts-node": "^10.9.1",
				"tslib": "^2.3.1",
				"tsx": "^3.8.0",
				"typescript": "~4.5.5",
				"vitest": "^0.32.2"
			},
			"funding": {
				"url": "https://github.com/sponsors/colinhacks"
			}
		},
		"node_modules/@aws-sdk/client-secrets-manager": {
			"resolved": "../../node_modules/.pnpm/@aws-sdk+client-secrets-manager@3.556.0/node_modules/@aws-sdk/client-secrets-manager",
			"link": true
		},
		"node_modules/@types/aws-lambda": {
			"version": "8.10.140",
			"resolved": "https://registry.npmjs.org/@types/aws-lambda/-/aws-lambda-8.10.140.tgz",
			"integrity": "sha512-4Dh3dk2TUcbdfHrX0Al90mNGJDvA9NBiTQPzbrjGi/dLxzKCGOYgT8YQ47jUKNFALkAJAadifq0pzyjIUlhVhg==",
			"dev": true
		},
		"node_modules/aws-lambda": {
			"resolved": "../../node_modules/.pnpm/aws-lambda@1.0.7/node_modules/aws-lambda",
			"link": true
		},
		"node_modules/aws-sdk-client-mock": {
			"resolved": "../../node_modules/.pnpm/aws-sdk-client-mock@3.1.0/node_modules/aws-sdk-client-mock",
			"link": true
		},
		"node_modules/zod": {
			"resolved": "../../node_modules/.pnpm/zod@3.23.8/node_modules/zod",
			"link": true
		}
	}
}
